// !$*UTF8*$!
{
	archiveVersion = 1;
	classes = {
	};
	objectVersion = 46;
	objects = {

/* Begin PBXBuildFile section */
		155FF8CD1C07A0B2005F607B /* MainPageViewController.swift in Sources */ = {isa = PBXBuildFile; fileRef = 155FF8CC1C07A0B2005F607B /* MainPageViewController.swift */; };
		155FF8D81C07B9E8005F607B /* MMDrawerBarButtonItem.m in Sources */ = {isa = PBXBuildFile; fileRef = 155FF8D01C07B9E8005F607B /* MMDrawerBarButtonItem.m */; };
		155FF8D91C07B9E8005F607B /* MMDrawerController.m in Sources */ = {isa = PBXBuildFile; fileRef = 155FF8D21C07B9E8005F607B /* MMDrawerController.m */; };
		155FF8DA1C07B9E8005F607B /* MMDrawerVisualState.m in Sources */ = {isa = PBXBuildFile; fileRef = 155FF8D51C07B9E8005F607B /* MMDrawerVisualState.m */; };
		155FF8DB1C07B9E8005F607B /* UIViewController+MMDrawerController.m in Sources */ = {isa = PBXBuildFile; fileRef = 155FF8D71C07B9E8005F607B /* UIViewController+MMDrawerController.m */; };
		156FE7791C049097007FF20D /* AppDelegate.swift in Sources */ = {isa = PBXBuildFile; fileRef = 156FE7781C049097007FF20D /* AppDelegate.swift */; };
		156FE77B1C049097007FF20D /* ViewController.swift in Sources */ = {isa = PBXBuildFile; fileRef = 156FE77A1C049097007FF20D /* ViewController.swift */; };
		156FE77E1C049097007FF20D /* Main.storyboard in Resources */ = {isa = PBXBuildFile; fileRef = 156FE77C1C049097007FF20D /* Main.storyboard */; };
		156FE7801C049097007FF20D /* Assets.xcassets in Resources */ = {isa = PBXBuildFile; fileRef = 156FE77F1C049097007FF20D /* Assets.xcassets */; };
		156FE7831C049097007FF20D /* LaunchScreen.storyboard in Resources */ = {isa = PBXBuildFile; fileRef = 156FE7811C049097007FF20D /* LaunchScreen.storyboard */; };
		15EF4A361C052F8300912C83 /* Bolts.framework in Frameworks */ = {isa = PBXBuildFile; fileRef = 15EF4A301C052F8300912C83 /* Bolts.framework */; };
		15EF4A371C052F8300912C83 /* Parse.framework in Frameworks */ = {isa = PBXBuildFile; fileRef = 15EF4A311C052F8300912C83 /* Parse.framework */; };
		15EF4A381C052F8300912C83 /* ParseFacebookUtils.framework in Frameworks */ = {isa = PBXBuildFile; fileRef = 15EF4A321C052F8300912C83 /* ParseFacebookUtils.framework */; };
		15EF4A391C052F8300912C83 /* ParseFacebookUtilsV4.framework in Frameworks */ = {isa = PBXBuildFile; fileRef = 15EF4A331C052F8300912C83 /* ParseFacebookUtilsV4.framework */; };
		15EF4A3A1C052F8300912C83 /* ParseTwitterUtils.framework in Frameworks */ = {isa = PBXBuildFile; fileRef = 15EF4A341C052F8300912C83 /* ParseTwitterUtils.framework */; };
		15EF4A3B1C052F8300912C83 /* ParseUI.framework in Frameworks */ = {isa = PBXBuildFile; fileRef = 15EF4A351C052F8300912C83 /* ParseUI.framework */; };
		15EF4A3D1C05303A00912C83 /* AudioToolbox.framework in Frameworks */ = {isa = PBXBuildFile; fileRef = 15EF4A3C1C05303A00912C83 /* AudioToolbox.framework */; };
		15EF4A3F1C05304300912C83 /* CFNetwork.framework in Frameworks */ = {isa = PBXBuildFile; fileRef = 15EF4A3E1C05304300912C83 /* CFNetwork.framework */; };
		15EF4A411C05304900912C83 /* CoreGraphics.framework in Frameworks */ = {isa = PBXBuildFile; fileRef = 15EF4A401C05304900912C83 /* CoreGraphics.framework */; };
		15EF4A431C05305200912C83 /* CoreLocation.framework in Frameworks */ = {isa = PBXBuildFile; fileRef = 15EF4A421C05305200912C83 /* CoreLocation.framework */; };
		15EF4A451C05305900912C83 /* QuartzCore.framework in Frameworks */ = {isa = PBXBuildFile; fileRef = 15EF4A441C05305900912C83 /* QuartzCore.framework */; };
		15EF4A471C05306200912C83 /* Security.framework in Frameworks */ = {isa = PBXBuildFile; fileRef = 15EF4A461C05306200912C83 /* Security.framework */; };
		15EF4A491C05306D00912C83 /* StoreKit.framework in Frameworks */ = {isa = PBXBuildFile; fileRef = 15EF4A481C05306D00912C83 /* StoreKit.framework */; };
		15EF4A4B1C05307900912C83 /* SystemConfiguration.framework in Frameworks */ = {isa = PBXBuildFile; fileRef = 15EF4A4A1C05307900912C83 /* SystemConfiguration.framework */; };
		15EF4A4D1C05308200912C83 /* libz.tbd in Frameworks */ = {isa = PBXBuildFile; fileRef = 15EF4A4C1C05308200912C83 /* libz.tbd */; };
		15EF4A4F1C05309000912C83 /* libsqlite3.tbd in Frameworks */ = {isa = PBXBuildFile; fileRef = 15EF4A4E1C05309000912C83 /* libsqlite3.tbd */; };
		15EF4A511C05309500912C83 /* Accounts.framework in Frameworks */ = {isa = PBXBuildFile; fileRef = 15EF4A501C05309500912C83 /* Accounts.framework */; };
		15EF4A531C05309E00912C83 /* Social.framework in Frameworks */ = {isa = PBXBuildFile; fileRef = 15EF4A521C05309E00912C83 /* Social.framework */; };
		15EF4A551C0531E500912C83 /* SignUpViewController.swift in Sources */ = {isa = PBXBuildFile; fileRef = 15EF4A541C0531E500912C83 /* SignUpViewController.swift */; };
/* End PBXBuildFile section */

/* Begin PBXFileReference section */
		155FF8CC1C07A0B2005F607B /* MainPageViewController.swift */ = {isa = PBXFileReference; fileEncoding = 4; lastKnownFileType = sourcecode.swift; path = MainPageViewController.swift; sourceTree = "<group>"; };
		155FF8CE1C07B9E7005F607B /* Signup-Bridging-Header.h */ = {isa = PBXFileReference; lastKnownFileType = sourcecode.c.h; path = "Signup-Bridging-Header.h"; sourceTree = "<group>"; };
		155FF8CF1C07B9E8005F607B /* MMDrawerBarButtonItem.h */ = {isa = PBXFileReference; fileEncoding = 4; lastKnownFileType = sourcecode.c.h; path = MMDrawerBarButtonItem.h; sourceTree = "<group>"; };
		155FF8D01C07B9E8005F607B /* MMDrawerBarButtonItem.m */ = {isa = PBXFileReference; fileEncoding = 4; lastKnownFileType = sourcecode.c.objc; path = MMDrawerBarButtonItem.m; sourceTree = "<group>"; };
		155FF8D11C07B9E8005F607B /* MMDrawerController.h */ = {isa = PBXFileReference; fileEncoding = 4; lastKnownFileType = sourcecode.c.h; path = MMDrawerController.h; sourceTree = "<group>"; };
		155FF8D21C07B9E8005F607B /* MMDrawerController.m */ = {isa = PBXFileReference; fileEncoding = 4; lastKnownFileType = sourcecode.c.objc; path = MMDrawerController.m; sourceTree = "<group>"; };
		155FF8D31C07B9E8005F607B /* MMDrawerController+Subclass.h */ = {isa = PBXFileReference; fileEncoding = 4; lastKnownFileType = sourcecode.c.h; path = "MMDrawerController+Subclass.h"; sourceTree = "<group>"; };
		155FF8D41C07B9E8005F607B /* MMDrawerVisualState.h */ = {isa = PBXFileReference; fileEncoding = 4; lastKnownFileType = sourcecode.c.h; path = MMDrawerVisualState.h; sourceTree = "<group>"; };
		155FF8D51C07B9E8005F607B /* MMDrawerVisualState.m */ = {isa = PBXFileReference; fileEncoding = 4; lastKnownFileType = sourcecode.c.objc; path = MMDrawerVisualState.m; sourceTree = "<group>"; };
		155FF8D61C07B9E8005F607B /* UIViewController+MMDrawerController.h */ = {isa = PBXFileReference; fileEncoding = 4; lastKnownFileType = sourcecode.c.h; path = "UIViewController+MMDrawerController.h"; sourceTree = "<group>"; };
		155FF8D71C07B9E8005F607B /* UIViewController+MMDrawerController.m */ = {isa = PBXFileReference; fileEncoding = 4; lastKnownFileType = sourcecode.c.objc; path = "UIViewController+MMDrawerController.m"; sourceTree = "<group>"; };
		156FE7751C049097007FF20D /* Signup.app */ = {isa = PBXFileReference; explicitFileType = wrapper.application; includeInIndex = 0; path = Signup.app; sourceTree = BUILT_PRODUCTS_DIR; };
		156FE7781C049097007FF20D /* AppDelegate.swift */ = {isa = PBXFileReference; lastKnownFileType = sourcecode.swift; path = AppDelegate.swift; sourceTree = "<group>"; };
		156FE77A1C049097007FF20D /* ViewController.swift */ = {isa = PBXFileReference; lastKnownFileType = sourcecode.swift; path = ViewController.swift; sourceTree = "<group>"; };
		156FE77D1C049097007FF20D /* Base */ = {isa = PBXFileReference; lastKnownFileType = file.storyboard; name = Base; path = Base.lproj/Main.storyboard; sourceTree = "<group>"; };
		156FE77F1C049097007FF20D /* Assets.xcassets */ = {isa = PBXFileReference; lastKnownFileType = folder.assetcatalog; path = Assets.xcassets; sourceTree = "<group>"; };
		156FE7821C049097007FF20D /* Base */ = {isa = PBXFileReference; lastKnownFileType = file.storyboard; name = Base; path = Base.lproj/LaunchScreen.storyboard; sourceTree = "<group>"; };
		156FE7841C049097007FF20D /* Info.plist */ = {isa = PBXFileReference; lastKnownFileType = text.plist.xml; path = Info.plist; sourceTree = "<group>"; };
		15EF4A301C052F8300912C83 /* Bolts.framework */ = {isa = PBXFileReference; lastKnownFileType = wrapper.framework; path = Bolts.framework; sourceTree = "<group>"; };
		15EF4A311C052F8300912C83 /* Parse.framework */ = {isa = PBXFileReference; lastKnownFileType = wrapper.framework; path = Parse.framework; sourceTree = "<group>"; };
		15EF4A321C052F8300912C83 /* ParseFacebookUtils.framework */ = {isa = PBXFileReference; lastKnownFileType = wrapper.framework; path = ParseFacebookUtils.framework; sourceTree = "<group>"; };
		15EF4A331C052F8300912C83 /* ParseFacebookUtilsV4.framework */ = {isa = PBXFileReference; lastKnownFileType = wrapper.framework; path = ParseFacebookUtilsV4.framework; sourceTree = "<group>"; };
		15EF4A341C052F8300912C83 /* ParseTwitterUtils.framework */ = {isa = PBXFileReference; lastKnownFileType = wrapper.framework; path = ParseTwitterUtils.framework; sourceTree = "<group>"; };
		15EF4A351C052F8300912C83 /* ParseUI.framework */ = {isa = PBXFileReference; lastKnownFileType = wrapper.framework; path = ParseUI.framework; sourceTree = "<group>"; };
		15EF4A3C1C05303A00912C83 /* AudioToolbox.framework */ = {isa = PBXFileReference; lastKnownFileType = wrapper.framework; name = AudioToolbox.framework; path = System/Library/Frameworks/AudioToolbox.framework; sourceTree = SDKROOT; };
		15EF4A3E1C05304300912C83 /* CFNetwork.framework */ = {isa = PBXFileReference; lastKnownFileType = wrapper.framework; name = CFNetwork.framework; path = System/Library/Frameworks/CFNetwork.framework; sourceTree = SDKROOT; };
		15EF4A401C05304900912C83 /* CoreGraphics.framework */ = {isa = PBXFileReference; lastKnownFileType = wrapper.framework; name = CoreGraphics.framework; path = System/Library/Frameworks/CoreGraphics.framework; sourceTree = SDKROOT; };
		15EF4A421C05305200912C83 /* CoreLocation.framework */ = {isa = PBXFileReference; lastKnownFileType = wrapper.framework; name = CoreLocation.framework; path = System/Library/Frameworks/CoreLocation.framework; sourceTree = SDKROOT; };
		15EF4A441C05305900912C83 /* QuartzCore.framework */ = {isa = PBXFileReference; lastKnownFileType = wrapper.framework; name = QuartzCore.framework; path = System/Library/Frameworks/QuartzCore.framework; sourceTree = SDKROOT; };
		15EF4A461C05306200912C83 /* Security.framework */ = {isa = PBXFileReference; lastKnownFileType = wrapper.framework; name = Security.framework; path = System/Library/Frameworks/Security.framework; sourceTree = SDKROOT; };
		15EF4A481C05306D00912C83 /* StoreKit.framework */ = {isa = PBXFileReference; lastKnownFileType = wrapper.framework; name = StoreKit.framework; path = System/Library/Frameworks/StoreKit.framework; sourceTree = SDKROOT; };
		15EF4A4A1C05307900912C83 /* SystemConfiguration.framework */ = {isa = PBXFileReference; lastKnownFileType = wrapper.framework; name = SystemConfiguration.framework; path = System/Library/Frameworks/SystemConfiguration.framework; sourceTree = SDKROOT; };
		15EF4A4C1C05308200912C83 /* libz.tbd */ = {isa = PBXFileReference; lastKnownFileType = "sourcecode.text-based-dylib-definition"; name = libz.tbd; path = usr/lib/libz.tbd; sourceTree = SDKROOT; };
		15EF4A4E1C05309000912C83 /* libsqlite3.tbd */ = {isa = PBXFileReference; lastKnownFileType = "sourcecode.text-based-dylib-definition"; name = libsqlite3.tbd; path = usr/lib/libsqlite3.tbd; sourceTree = SDKROOT; };
		15EF4A501C05309500912C83 /* Accounts.framework */ = {isa = PBXFileReference; lastKnownFileType = wrapper.framework; name = Accounts.framework; path = System/Library/Frameworks/Accounts.framework; sourceTree = SDKROOT; };
		15EF4A521C05309E00912C83 /* Social.framework */ = {isa = PBXFileReference; lastKnownFileType = wrapper.framework; name = Social.framework; path = System/Library/Frameworks/Social.framework; sourceTree = SDKROOT; };
		15EF4A541C0531E500912C83 /* SignUpViewController.swift */ = {isa = PBXFileReference; fileEncoding = 4; lastKnownFileType = sourcecode.swift; path = SignUpViewController.swift; sourceTree = "<group>"; };
/* End PBXFileReference section */

/* Begin PBXFrameworksBuildPhase section */
		156FE7721C049097007FF20D /* Frameworks */ = {
			isa = PBXFrameworksBuildPhase;
			buildActionMask = 2147483647;
			files = (
				15EF4A531C05309E00912C83 /* Social.framework in Frameworks */,
				15EF4A511C05309500912C83 /* Accounts.framework in Frameworks */,
				15EF4A4F1C05309000912C83 /* libsqlite3.tbd in Frameworks */,
				15EF4A4D1C05308200912C83 /* libz.tbd in Frameworks */,
				15EF4A4B1C05307900912C83 /* SystemConfiguration.framework in Frameworks */,
				15EF4A491C05306D00912C83 /* StoreKit.framework in Frameworks */,
				15EF4A471C05306200912C83 /* Security.framework in Frameworks */,
				15EF4A451C05305900912C83 /* QuartzCore.framework in Frameworks */,
				15EF4A431C05305200912C83 /* CoreLocation.framework in Frameworks */,
				15EF4A411C05304900912C83 /* CoreGraphics.framework in Frameworks */,
				15EF4A3F1C05304300912C83 /* CFNetwork.framework in Frameworks */,
				15EF4A3D1C05303A00912C83 /* AudioToolbox.framework in Frameworks */,
				15EF4A3B1C052F8300912C83 /* ParseUI.framework in Frameworks */,
				15EF4A371C052F8300912C83 /* Parse.framework in Frameworks */,
				15EF4A361C052F8300912C83 /* Bolts.framework in Frameworks */,
				15EF4A391C052F8300912C83 /* ParseFacebookUtilsV4.framework in Frameworks */,
				15EF4A381C052F8300912C83 /* ParseFacebookUtils.framework in Frameworks */,
				15EF4A3A1C052F8300912C83 /* ParseTwitterUtils.framework in Frameworks */,
			);
			runOnlyForDeploymentPostprocessing = 0;
		};
/* End PBXFrameworksBuildPhase section */

/* Begin PBXGroup section */
		156FE76C1C049097007FF20D = {
			isa = PBXGroup;
			children = (
				156FE7771C049097007FF20D /* Signup */,
				156FE7761C049097007FF20D /* Products */,
			);
			sourceTree = "<group>";
		};
		156FE7761C049097007FF20D /* Products */ = {
			isa = PBXGroup;
			children = (
				156FE7751C049097007FF20D /* Signup.app */,
			);
			name = Products;
			sourceTree = "<group>";
		};
		156FE7771C049097007FF20D /* Signup */ = {
			isa = PBXGroup;
			children = (
				15EF4A2F1C052F6900912C83 /* FrameWorks and Headers */,
				156FE7781C049097007FF20D /* AppDelegate.swift */,
				156FE77A1C049097007FF20D /* ViewController.swift */,
				15EF4A541C0531E500912C83 /* SignUpViewController.swift */,
				155FF8CC1C07A0B2005F607B /* MainPageViewController.swift */,
				156FE77C1C049097007FF20D /* Main.storyboard */,
				156FE77F1C049097007FF20D /* Assets.xcassets */,
				156FE7811C049097007FF20D /* LaunchScreen.storyboard */,
				155FF8CE1C07B9E7005F607B /* Signup-Bridging-Header.h */,
				156FE7841C049097007FF20D /* Info.plist */,
			);
			path = Signup;
			sourceTree = "<group>";
		};
		15EF4A2F1C052F6900912C83 /* FrameWorks and Headers */ = {
			isa = PBXGroup;
			children = (
				155FF8CF1C07B9E8005F607B /* MMDrawerBarButtonItem.h */,
				155FF8D01C07B9E8005F607B /* MMDrawerBarButtonItem.m */,
				155FF8D11C07B9E8005F607B /* MMDrawerController.h */,
				155FF8D21C07B9E8005F607B /* MMDrawerController.m */,
				155FF8D31C07B9E8005F607B /* MMDrawerController+Subclass.h */,
				155FF8D41C07B9E8005F607B /* MMDrawerVisualState.h */,
				155FF8D51C07B9E8005F607B /* MMDrawerVisualState.m */,
				155FF8D61C07B9E8005F607B /* UIViewController+MMDrawerController.h */,
				155FF8D71C07B9E8005F607B /* UIViewController+MMDrawerController.m */,
				15EF4A521C05309E00912C83 /* Social.framework */,
				15EF4A501C05309500912C83 /* Accounts.framework */,
				15EF4A4E1C05309000912C83 /* libsqlite3.tbd */,
				15EF4A4C1C05308200912C83 /* libz.tbd */,
				15EF4A4A1C05307900912C83 /* SystemConfiguration.framework */,
				15EF4A481C05306D00912C83 /* StoreKit.framework */,
				15EF4A461C05306200912C83 /* Security.framework */,
				15EF4A441C05305900912C83 /* QuartzCore.framework */,
				15EF4A421C05305200912C83 /* CoreLocation.framework */,
				15EF4A401C05304900912C83 /* CoreGraphics.framework */,
				15EF4A3E1C05304300912C83 /* CFNetwork.framework */,
				15EF4A3C1C05303A00912C83 /* AudioToolbox.framework */,
				15EF4A301C052F8300912C83 /* Bolts.framework */,
				15EF4A311C052F8300912C83 /* Parse.framework */,
				15EF4A321C052F8300912C83 /* ParseFacebookUtils.framework */,
				15EF4A331C052F8300912C83 /* ParseFacebookUtilsV4.framework */,
				15EF4A341C052F8300912C83 /* ParseTwitterUtils.framework */,
				15EF4A351C052F8300912C83 /* ParseUI.framework */,
			);
			name = "FrameWorks and Headers";
			sourceTree = "<group>";
		};
/* End PBXGroup section */

/* Begin PBXNativeTarget section */
		156FE7741C049097007FF20D /* Signup */ = {
			isa = PBXNativeTarget;
			buildConfigurationList = 156FE7871C049097007FF20D /* Build configuration list for PBXNativeTarget "Signup" */;
			buildPhases = (
				156FE7711C049097007FF20D /* Sources */,
				156FE7721C049097007FF20D /* Frameworks */,
				156FE7731C049097007FF20D /* Resources */,
			);
			buildRules = (
			);
			dependencies = (
			);
			name = Signup;
			productName = Signup;
			productReference = 156FE7751C049097007FF20D /* Signup.app */;
			productType = "com.apple.product-type.application";
		};
/* End PBXNativeTarget section */

/* Begin PBXProject section */
		156FE76D1C049097007FF20D /* Project object */ = {
			isa = PBXProject;
			attributes = {
				LastSwiftUpdateCheck = 0710;
				LastUpgradeCheck = 0710;
				ORGANIZATIONNAME = "Hafiz Developer";
				TargetAttributes = {
					156FE7741C049097007FF20D = {
						CreatedOnToolsVersion = 7.1.1;
					};
				};
			};
			buildConfigurationList = 156FE7701C049097007FF20D /* Build configuration list for PBXProject "Signup" */;
			compatibilityVersion = "Xcode 3.2";
			developmentRegion = English;
			hasScannedForEncodings = 0;
			knownRegions = (
				en,
				Base,
			);
			mainGroup = 156FE76C1C049097007FF20D;
			productRefGroup = 156FE7761C049097007FF20D /* Products */;
			projectDirPath = "";
			projectRoot = "";
			targets = (
				156FE7741C049097007FF20D /* Signup */,
			);
		};
/* End PBXProject section */

/* Begin PBXResourcesBuildPhase section */
		156FE7731C049097007FF20D /* Resources */ = {
			isa = PBXResourcesBuildPhase;
			buildActionMask = 2147483647;
			files = (
				156FE7831C049097007FF20D /* LaunchScreen.storyboard in Resources */,
				156FE7801C049097007FF20D /* Assets.xcassets in Resources */,
				156FE77E1C049097007FF20D /* Main.storyboard in Resources */,
			);
			runOnlyForDeploymentPostprocessing = 0;
		};
/* End PBXResourcesBuildPhase section */

/* Begin PBXSourcesBuildPhase section */
		156FE7711C049097007FF20D /* Sources */ = {
			isa = PBXSourcesBuildPhase;
			buildActionMask = 2147483647;
			files = (
				155FF8CD1C07A0B2005F607B /* MainPageViewController.swift in Sources */,
				15EF4A551C0531E500912C83 /* SignUpViewController.swift in Sources */,
				155FF8D81C07B9E8005F607B /* MMDrawerBarButtonItem.m in Sources */,
				155FF8DB1C07B9E8005F607B /* UIViewController+MMDrawerController.m in Sources */,
				156FE77B1C049097007FF20D /* ViewController.swift in Sources */,
				155FF8D91C07B9E8005F607B /* MMDrawerController.m in Sources */,
				156FE7791C049097007FF20D /* AppDelegate.swift in Sources */,
				155FF8DA1C07B9E8005F607B /* MMDrawerVisualState.m in Sources */,
			);
			runOnlyForDeploymentPostprocessing = 0;
		};
/* End PBXSourcesBuildPhase section */

/* Begin PBXVariantGroup section */
		156FE77C1C049097007FF20D /* Main.storyboard */ = {
			isa = PBXVariantGroup;
			children = (
				156FE77D1C049097007FF20D /* Base */,
			);
			name = Main.storyboard;
			sourceTree = "<group>";
		};
		156FE7811C049097007FF20D /* LaunchScreen.storyboard */ = {
			isa = PBXVariantGroup;
			children = (
				156FE7821C049097007FF20D /* Base */,
			);
			name = LaunchScreen.storyboard;
			sourceTree = "<group>";
		};
/* End PBXVariantGroup section */

/* Begin XCBuildConfiguration section */
		156FE7851C049097007FF20D /* Debug */ = {
			isa = XCBuildConfiguration;
			buildSettings = {
				ALWAYS_SEARCH_USER_PATHS = NO;
				CLANG_CXX_LANGUAGE_STANDARD = "gnu++0x";
				CLANG_CXX_LIBRARY = "libc++";
				CLANG_ENABLE_MODULES = YES;
				CLANG_ENABLE_OBJC_ARC = YES;
				CLANG_WARN_BOOL_CONVERSION = YES;
				CLANG_WARN_CONSTANT_CONVERSION = YES;
				CLANG_WARN_DIRECT_OBJC_ISA_USAGE = YES_ERROR;
				CLANG_WARN_EMPTY_BODY = YES;
				CLANG_WARN_ENUM_CONVERSION = YES;
				CLANG_WARN_INT_CONVERSION = YES;
				CLANG_WARN_OBJC_ROOT_CLASS = YES_ERROR;
				CLANG_WARN_UNREACHABLE_CODE = YES;
				CLANG_WARN__DUPLICATE_METHOD_MATCH = YES;
				"CODE_SIGN_IDENTITY[sdk=iphoneos*]" = "iPhone Developer";
				COPY_PHASE_STRIP = NO;
				DEBUG_INFORMATION_FORMAT = dwarf;
				ENABLE_STRICT_OBJC_MSGSEND = YES;
				ENABLE_TESTABILITY = YES;
				GCC_C_LANGUAGE_STANDARD = gnu99;
				GCC_DYNAMIC_NO_PIC = NO;
				GCC_NO_COMMON_BLOCKS = YES;
				GCC_OPTIMIZATION_LEVEL = 0;
				GCC_PREPROCESSOR_DEFINITIONS = (
					"DEBUG=1",
					"$(inherited)",
				);
				GCC_WARN_64_TO_32_BIT_CONVERSION = YES;
				GCC_WARN_ABOUT_RETURN_TYPE = YES_ERROR;
				GCC_WARN_UNDECLARED_SELECTOR = YES;
				GCC_WARN_UNINITIALIZED_AUTOS = YES_AGGRESSIVE;
				GCC_WARN_UNUSED_FUNCTION = YES;
				GCC_WARN_UNUSED_VARIABLE = YES;
				IPHONEOS_DEPLOYMENT_TARGET = 9.1;
				MTL_ENABLE_DEBUG_INFO = YES;
				ONLY_ACTIVE_ARCH = YES;
				SDKROOT = iphoneos;
				SWIFT_OPTIMIZATION_LEVEL = "-Onone";
			};
			name = Debug;
		};
		156FE7861C049097007FF20D /* Release */ = {
			isa = XCBuildConfiguration;
			buildSettings = {
				ALWAYS_SEARCH_USER_PATHS = NO;
				CLANG_CXX_LANGUAGE_STANDARD = "gnu++0x";
				CLANG_CXX_LIBRARY = "libc++";
				CLANG_ENABLE_MODULES = YES;
				CLANG_ENABLE_OBJC_ARC = YES;
				CLANG_WARN_BOOL_CONVERSION = YES;
				CLANG_WARN_CONSTANT_CONVERSION = YES;
				CLANG_WARN_DIRECT_OBJC_ISA_USAGE = YES_ERROR;
				CLANG_WARN_EMPTY_BODY = YES;
				CLANG_WARN_ENUM_CONVERSION = YES;
				CLANG_WARN_INT_CONVERSION = YES;
				CLANG_WARN_OBJC_ROOT_CLASS = YES_ERROR;
				CLANG_WARN_UNREACHABLE_CODE = YES;
				CLANG_WARN__DUPLICATE_METHOD_MATCH = YES;
				"CODE_SIGN_IDENTITY[sdk=iphoneos*]" = "iPhone Developer";
				COPY_PHASE_STRIP = NO;
				DEBUG_INFORMATION_FORMAT = "dwarf-with-dsym";
				ENABLE_NS_ASSERTIONS = NO;
				ENABLE_STRICT_OBJC_MSGSEND = YES;
				GCC_C_LANGUAGE_STANDARD = gnu99;
				GCC_NO_COMMON_BLOCKS = YES;
				GCC_WARN_64_TO_32_BIT_CONVERSION = YES;
				GCC_WARN_ABOUT_RETURN_TYPE = YES_ERROR;
				GCC_WARN_UNDECLARED_SELECTOR = YES;
				GCC_WARN_UNINITIALIZED_AUTOS = YES_AGGRESSIVE;
				GCC_WARN_UNUSED_FUNCTION = YES;
				GCC_WARN_UNUSED_VARIABLE = YES;
				IPHONEOS_DEPLOYMENT_TARGET = 9.1;
				MTL_ENABLE_DEBUG_INFO = NO;
				SDKROOT = iphoneos;
				VALIDATE_PRODUCT = YES;
			};
			name = Release;
		};
		156FE7881C049097007FF20D /* Debug */ = {
			isa = XCBuildConfiguration;
			buildSettings = {
				ASSETCATALOG_COMPILER_APPICON_NAME = AppIcon;
				CLANG_ENABLE_MODULES = YES;
				FRAMEWORK_SEARCH_PATHS = (
					"$(inherited)",
					"$(PROJECT_DIR)/Signup",
				);
				INFOPLIST_FILE = Signup/Info.plist;
				LD_RUNPATH_SEARCH_PATHS = "$(inherited) @executable_path/Frameworks";
				PRODUCT_BUNDLE_IDENTIFIER = com.Abdurrahman.Signup;
				PRODUCT_NAME = "$(TARGET_NAME)";
				SWIFT_OBJC_BRIDGING_HEADER = "Signup/Signup-Bridging-Header.h";
				SWIFT_OPTIMIZATION_LEVEL = "-Onone";
			};
			name = Debug;
		};
		156FE7891C049097007FF20D /* Release */ = {
			isa = XCBuildConfiguration;
			buildSettings = {
				ASSETCATALOG_COMPILER_APPICON_NAME = AppIcon;
				CLANG_ENABLE_MODULES = YES;
				FRAMEWORK_SEARCH_PATHS = (
					"$(inherited)",
					"$(PROJECT_DIR)/Signup",
				);
				INFOPLIST_FILE = Signup/Info.plist;
				LD_RUNPATH_SEARCH_PATHS = "$(inherited) @executable_path/Frameworks";
				PRODUCT_BUNDLE_IDENTIFIER = com.Abdurrahman.Signup;
				PRODUCT_NAME = "$(TARGET_NAME)";
				SWIFT_OBJC_BRIDGING_HEADER = "Signup/Signup-Bridging-Header.h";
			};
			name = Release;
		};
/* End XCBuildConfiguration section */

/* Begin XCConfigurationList section */
		156FE7701C049097007FF20D /* Build configuration list for PBXProject "Signup" */ = {
			isa = XCConfigurationList;
			buildConfigurations = (
				156FE7851C049097007FF20D /* Debug */,
				156FE7861C049097007FF20D /* Release */,
			);
			defaultConfigurationIsVisible = 0;
			defaultConfigurationName = Release;
		};
		156FE7871C049097007FF20D /* Build configuration list for PBXNativeTarget "Signup" */ = {
			isa = XCConfigurationList;
			buildConfigurations = (
				156FE7881C049097007FF20D /* Debug */,
				156FE7891C049097007FF20D /* Release */,
			);
			defaultConfigurationIsVisible = 0;
			defaultConfigurationName = Release;
		};
/* End XCConfigurationList section */
	};
	rootObject = 156FE76D1C049097007FF20D /* Project object */;
}
